
Microsoft Visual Studio Solution File, Format Version 12.00
# Visual Studio Version 16
VisualStudioVersion = 16.0.31515.178
MinimumVisualStudioVersion = 10.0.40219.1
Project("{6EC3EE1D-3C4E-46DD-8F32-0CC8E7565705}") = "day1", "day1\day1.fsproj", "{3C684F2E-D64C-4393-9FAB-4A0D5C29F00C}"
EndProject
Project("{6EC3EE1D-3C4E-46DD-8F32-0CC8E7565705}") = "day2", "day2\day2.fsproj", "{B9B94CEB-99F5-42D5-A320-EBBB0F639FB7}"
EndProject
Project("{6EC3EE1D-3C4E-46DD-8F32-0CC8E7565705}") = "day3", "day3\day3.fsproj", "{0CB21E26-6503-48B7-A845-52A9D96EC08C}"
EndProject
Project("{6EC3EE1D-3C4E-46DD-8F32-0CC8E7565705}") = "day4", "day4\day4.fsproj", "{16F3F889-E94C-4874-93CA-A6DD3570C71C}"
EndProject
Project("{6EC3EE1D-3C4E-46DD-8F32-0CC8E7565705}") = "day5", "day5\day5.fsproj", "{F951F843-69F8-44E6-A3DE-8A1B04AE36A5}"
EndProject
Project("{6EC3EE1D-3C4E-46DD-8F32-0CC8E7565705}") = "day6", "day6\day6.fsproj", "{511EA14B-6112-40D5-8FB0-BECEFE93888F}"
EndProject
Project("{F2A71F9B-5D33-465A-A702-920D77279786}") = "day7", "day7\day7.fsproj", "{B1C7D666-EE7C-4644-A6FF-FB85546EB4E9}"
EndProject
Global
	GlobalSection(SolutionConfigurationPlatforms) = preSolution
		Debug|Any CPU = Debug|Any CPU
		Release|Any CPU = Release|Any CPU
	EndGlobalSection
	GlobalSection(ProjectConfigurationPlatforms) = postSolution
		{3C684F2E-D64C-4393-9FAB-4A0D5C29F00C}.Debug|Any CPU.ActiveCfg = Debug|Any CPU
		{3C684F2E-D64C-4393-9FAB-4A0D5C29F00C}.Debug|Any CPU.Build.0 = Debug|Any CPU
		{3C684F2E-D64C-4393-9FAB-4A0D5C29F00C}.Release|Any CPU.ActiveCfg = Release|Any CPU
		{3C684F2E-D64C-4393-9FAB-4A0D5C29F00C}.Release|Any CPU.Build.0 = Release|Any CPU
		{B9B94CEB-99F5-42D5-A320-EBBB0F639FB7}.Debug|Any CPU.ActiveCfg = Debug|Any CPU
		{B9B94CEB-99F5-42D5-A320-EBBB0F639FB7}.Debug|Any CPU.Build.0 = Debug|Any CPU
		{B9B94CEB-99F5-42D5-A320-EBBB0F639FB7}.Release|Any CPU.ActiveCfg = Release|Any CPU
		{B9B94CEB-99F5-42D5-A320-EBBB0F639FB7}.Release|Any CPU.Build.0 = Release|Any CPU
		{0CB21E26-6503-48B7-A845-52A9D96EC08C}.Debug|Any CPU.ActiveCfg = Debug|Any CPU
		{0CB21E26-6503-48B7-A845-52A9D96EC08C}.Debug|Any CPU.Build.0 = Debug|Any CPU
		{0CB21E26-6503-48B7-A845-52A9D96EC08C}.Release|Any CPU.ActiveCfg = Release|Any CPU
		{0CB21E26-6503-48B7-A845-52A9D96EC08C}.Release|Any CPU.Build.0 = Release|Any CPU
		{16F3F889-E94C-4874-93CA-A6DD3570C71C}.Debug|Any CPU.ActiveCfg = Debug|Any CPU
		{16F3F889-E94C-4874-93CA-A6DD3570C71C}.Debug|Any CPU.Build.0 = Debug|Any CPU
		{16F3F889-E94C-4874-93CA-A6DD3570C71C}.Release|Any CPU.ActiveCfg = Release|Any CPU
		{16F3F889-E94C-4874-93CA-A6DD3570C71C}.Release|Any CPU.Build.0 = Release|Any CPU
		{F951F843-69F8-44E6-A3DE-8A1B04AE36A5}.Debug|Any CPU.ActiveCfg = Debug|Any CPU
		{F951F843-69F8-44E6-A3DE-8A1B04AE36A5}.Debug|Any CPU.Build.0 = Debug|Any CPU
		{F951F843-69F8-44E6-A3DE-8A1B04AE36A5}.Release|Any CPU.ActiveCfg = Release|Any CPU
		{F951F843-69F8-44E6-A3DE-8A1B04AE36A5}.Release|Any CPU.Build.0 = Release|Any CPU
		{511EA14B-6112-40D5-8FB0-BECEFE93888F}.Debug|Any CPU.ActiveCfg = Debug|Any CPU
		{511EA14B-6112-40D5-8FB0-BECEFE93888F}.Debug|Any CPU.Build.0 = Debug|Any CPU
		{511EA14B-6112-40D5-8FB0-BECEFE93888F}.Release|Any CPU.ActiveCfg = Release|Any CPU
		{511EA14B-6112-40D5-8FB0-BECEFE93888F}.Release|Any CPU.Build.0 = Release|Any CPU
		{B1C7D666-EE7C-4644-A6FF-FB85546EB4E9}.Debug|Any CPU.ActiveCfg = Debug|Any CPU
		{B1C7D666-EE7C-4644-A6FF-FB85546EB4E9}.Debug|Any CPU.Build.0 = Debug|Any CPU
		{B1C7D666-EE7C-4644-A6FF-FB85546EB4E9}.Release|Any CPU.ActiveCfg = Release|Any CPU
		{B1C7D666-EE7C-4644-A6FF-FB85546EB4E9}.Release|Any CPU.Build.0 = Release|Any CPU
	EndGlobalSection
	GlobalSection(SolutionProperties) = preSolution
		HideSolutionNode = FALSE
	EndGlobalSection
	GlobalSection(ExtensibilityGlobals) = postSolution
		SolutionGuid = {839D7E2C-3AB7-430B-A617-773745B6C8C4}
	EndGlobalSection
EndGlobal
